{
  "name": "tools.uz",
  "version": "1.0.0",
  "lockfileVersion": 2,
  "requires": true,
  "packages": {
    "": {
      "name": "tools.uz",
      "version": "1.0.0",
      "license": "ISC",
      "dependencies": {
        "uikit": "^3.7.2",
        "yarn": "^1.22.11"
      }
    },
    "node_modules/uikit": {
      "version": "3.7.2",
      "resolved": "https://registry.npmjs.org/uikit/-/uikit-3.7.2.tgz",
      "integrity": "sha512-r1EUtsm3vCLZPlAi8rWP5diQVtnHYnYiX2NHLciTmC+SIMbRJ/aTOb2A1Vkwa3Kx4Dybx5XRIUwXUrRmssx40Q=="
    },
    "node_modules/yarn": {
      "version": "1.22.11",
      "resolved": "https://registry.npmjs.org/yarn/-/yarn-1.22.11.tgz",
      "integrity": "sha512-AWje4bzqO9RUn3sdnM5N8n4ZJ0BqCc/kqFJvpOI5/EVkINXui0yuvU7NDCEF//+WaxHuNay2uOHxA4+tq1P3cg==",
      "hasInstallScript": true,
      "bin": {
        "yarn": "bin/yarn.js",
        "yarnpkg": "bin/yarn.js"
      },
      "engines": {
        "node": ">=4.0.0"
      }
    }
  },
  "dependencies": {
    "uikit": {
      "version": "3.7.2",
      "resolved": "https://registry.npmjs.org/uikit/-/uikit-3.7.2.tgz",
      "integrity": "sha512-r1EUtsm3vCLZPlAi8rWP5diQVtnHYnYiX2NHLciTmC+SIMbRJ/aTOb2A1Vkwa3Kx4Dybx5XRIUwXUrRmssx40Q=="
    },
    "yarn": {
      "version": "1.22.11",
      "resolved": "https://registry.npmjs.org/yarn/-/yarn-1.22.11.tgz",
      "integrity": "sha512-AWje4bzqO9RUn3sdnM5N8n4ZJ0BqCc/kqFJvpOI5/EVkINXui0yuvU7NDCEF//+WaxHuNay2uOHxA4+tq1P3cg=="
    }
  }
}
